
Microsoft Visual Studio Solution File, Format Version 12.00
# Visual Studio Version 17
VisualStudioVersion = 17.5.33516.290
MinimumVisualStudioVersion = 10.0.40219.1
Project("{FAE04EC0-301F-11D3-BF4B-00C04F79EFBC}") = "GUI", "GUI\GUI.csproj", "{A0A38D52-7ADD-4D06-B012-92E762E54ACF}"
EndProject
Project("{FAE04EC0-301F-11D3-BF4B-00C04F79EFBC}") = "DAO", "DAO\DAO.csproj", "{B6178D09-5D95-4EAC-B251-10A39456A987}"
EndProject
Global
	GlobalSection(SolutionConfigurationPlatforms) = preSolution
		Debug|Any CPU = Debug|Any CPU
		Release|Any CPU = Release|Any CPU
	EndGlobalSection
	GlobalSection(ProjectConfigurationPlatforms) = postSolution
		{A0A38D52-7ADD-4D06-B012-92E762E54ACF}.Debug|Any CPU.ActiveCfg = Debug|Any CPU
		{A0A38D52-7ADD-4D06-B012-92E762E54ACF}.Debug|Any CPU.Build.0 = Debug|Any CPU
		{A0A38D52-7ADD-4D06-B012-92E762E54ACF}.Release|Any CPU.ActiveCfg = Release|Any CPU
		{A0A38D52-7ADD-4D06-B012-92E762E54ACF}.Release|Any CPU.Build.0 = Release|Any CPU
		{B6178D09-5D95-4EAC-B251-10A39456A987}.Debug|Any CPU.ActiveCfg = Debug|Any CPU
		{B6178D09-5D95-4EAC-B251-10A39456A987}.Debug|Any CPU.Build.0 = Debug|Any CPU
		{B6178D09-5D95-4EAC-B251-10A39456A987}.Release|Any CPU.ActiveCfg = Release|Any CPU
		{B6178D09-5D95-4EAC-B251-10A39456A987}.Release|Any CPU.Build.0 = Release|Any CPU
	EndGlobalSection
	GlobalSection(SolutionProperties) = preSolution
		HideSolutionNode = FALSE
	EndGlobalSection
	GlobalSection(ExtensibilityGlobals) = postSolution
		SolutionGuid = {3D711F09-A1B1-45FC-BFB0-253D3C938DC3}
	EndGlobalSection
EndGlobal
