
Microsoft Visual Studio Solution File, Format Version 12.00
# Visual Studio Version 17
VisualStudioVersion = 17.5.33516.290
MinimumVisualStudioVersion = 10.0.40219.1
Project("{FAE04EC0-301F-11D3-BF4B-00C04F79EFBC}") = "GUI", "GUI\GUI.csproj", "{3FFF7AB9-A5E8-422A-A462-DB7C21D93486}"
EndProject
Project("{FAE04EC0-301F-11D3-BF4B-00C04F79EFBC}") = "DTO", "DTO\DTO.csproj", "{D4C96890-AA4D-4247-BCCC-1C399944EDD7}"
EndProject
Project("{FAE04EC0-301F-11D3-BF4B-00C04F79EFBC}") = "BUS", "BUS\BUS.csproj", "{2E45A93E-C80A-4B60-AB18-D81605138E0E}"
EndProject
Project("{FAE04EC0-301F-11D3-BF4B-00C04F79EFBC}") = "DAO", "DAO\DAO.csproj", "{243A3210-8245-43B0-A91D-F5138AE4C55C}"
EndProject
Global
	GlobalSection(SolutionConfigurationPlatforms) = preSolution
		Debug|Any CPU = Debug|Any CPU
		Release|Any CPU = Release|Any CPU
	EndGlobalSection
	GlobalSection(ProjectConfigurationPlatforms) = postSolution
		{3FFF7AB9-A5E8-422A-A462-DB7C21D93486}.Debug|Any CPU.ActiveCfg = Debug|Any CPU
		{3FFF7AB9-A5E8-422A-A462-DB7C21D93486}.Debug|Any CPU.Build.0 = Debug|Any CPU
		{3FFF7AB9-A5E8-422A-A462-DB7C21D93486}.Release|Any CPU.ActiveCfg = Release|Any CPU
		{3FFF7AB9-A5E8-422A-A462-DB7C21D93486}.Release|Any CPU.Build.0 = Release|Any CPU
		{D4C96890-AA4D-4247-BCCC-1C399944EDD7}.Debug|Any CPU.ActiveCfg = Debug|Any CPU
		{D4C96890-AA4D-4247-BCCC-1C399944EDD7}.Debug|Any CPU.Build.0 = Debug|Any CPU
		{D4C96890-AA4D-4247-BCCC-1C399944EDD7}.Release|Any CPU.ActiveCfg = Release|Any CPU
		{D4C96890-AA4D-4247-BCCC-1C399944EDD7}.Release|Any CPU.Build.0 = Release|Any CPU
		{2E45A93E-C80A-4B60-AB18-D81605138E0E}.Debug|Any CPU.ActiveCfg = Debug|Any CPU
		{2E45A93E-C80A-4B60-AB18-D81605138E0E}.Debug|Any CPU.Build.0 = Debug|Any CPU
		{2E45A93E-C80A-4B60-AB18-D81605138E0E}.Release|Any CPU.ActiveCfg = Release|Any CPU
		{2E45A93E-C80A-4B60-AB18-D81605138E0E}.Release|Any CPU.Build.0 = Release|Any CPU
		{243A3210-8245-43B0-A91D-F5138AE4C55C}.Debug|Any CPU.ActiveCfg = Debug|Any CPU
		{243A3210-8245-43B0-A91D-F5138AE4C55C}.Debug|Any CPU.Build.0 = Debug|Any CPU
		{243A3210-8245-43B0-A91D-F5138AE4C55C}.Release|Any CPU.ActiveCfg = Release|Any CPU
		{243A3210-8245-43B0-A91D-F5138AE4C55C}.Release|Any CPU.Build.0 = Release|Any CPU
	EndGlobalSection
	GlobalSection(SolutionProperties) = preSolution
		HideSolutionNode = FALSE
	EndGlobalSection
	GlobalSection(ExtensibilityGlobals) = postSolution
		SolutionGuid = {6A743262-7E87-4E21-AF24-EC3B4EA5F26D}
	EndGlobalSection
EndGlobal
